{
  "originHash" : "d496359e6070f22732d2f680eb51743b8d99bec64f9866cbf9f83edca0cf6e6e",
  "pins" : [
    {
      "identity" : "ffmpegbuild",
      "kind" : "remoteSourceControl",
      "location" : "https://github.com/qoli/FFmpegBuild",
      "state" : {
        "revision" : "d24262133163dab1a8997e22493176a0db4adea8"
      }
    },
    {
      "identity" : "libdovi",
      "kind" : "remoteSourceControl",
      "location" : "https://github.com/superuser404notfound/LibDovi",
      "state" : {
        "revision" : "bebab0af0e3633b0002fcc7106ea6fc7ceea8277",
        "version" : "1.0.2"
      }
    },
    {
      "identity" : "smbclient",
      "kind" : "remoteSourceControl",
      "location" : "https://github.com/kishikawakatsumi/SMBClient",
      "state" : {
        "revision" : "e636c2b2458930770932a36d311ec9d478575b90",
        "version" : "0.3.1"
      }
    },
    {
      "identity" : "swift-libass",
      "kind" : "remoteSourceControl",
      "location" : "https://github.com/qoli/swift-libass",
      "state" : {
        "revision" : "01c5ebb8ee8b36cefcbcabea819a47208d1e1216"
      }
    }
  ],
  "version" : 3
}
